
Microsoft Visual Studio Solution File, Format Version 12.00
# Visual Studio Version 17
VisualStudioVersion = 17.2.32630.192
MinimumVisualStudioVersion = 10.0.40219.1
Project("{9A19103F-16F7-4668-BE54-9A1E7A4F7556}") = "CalculatorApp", "CalculatorApp\CalculatorApp\CalculatorApp.csproj", "{D794A0D9-2EF5-47C2-85B2-6986C326BAC5}"
EndProject
Project("{FAE04EC0-301F-11D3-BF4B-00C04F79EFBC}") = "CalculatorApp.Android", "CalculatorApp\CalculatorApp.Android\CalculatorApp.Android.csproj", "{F5DAC079-E987-41DD-AE80-DAA7D0BBCE85}"
EndProject
Project("{FAE04EC0-301F-11D3-BF4B-00C04F79EFBC}") = "CalculatorApp.iOS", "CalculatorApp\CalculatorApp.iOS\CalculatorApp.iOS.csproj", "{8992694B-5C63-4DD1-BE7E-27369BCAD847}"
EndProject
Global
	GlobalSection(SolutionConfigurationPlatforms) = preSolution
		Debug|Any CPU = Debug|Any CPU
		Debug|iPhone = Debug|iPhone
		Debug|iPhoneSimulator = Debug|iPhoneSimulator
		Release|Any CPU = Release|Any CPU
		Release|iPhone = Release|iPhone
		Release|iPhoneSimulator = Release|iPhoneSimulator
	EndGlobalSection
	GlobalSection(ProjectConfigurationPlatforms) = postSolution
		{D794A0D9-2EF5-47C2-85B2-6986C326BAC5}.Debug|Any CPU.ActiveCfg = Debug|Any CPU
		{D794A0D9-2EF5-47C2-85B2-6986C326BAC5}.Debug|Any CPU.Build.0 = Debug|Any CPU
		{D794A0D9-2EF5-47C2-85B2-6986C326BAC5}.Debug|Any CPU.Deploy.0 = Debug|Any CPU
		{D794A0D9-2EF5-47C2-85B2-6986C326BAC5}.Debug|iPhone.ActiveCfg = Debug|iPhone
		{D794A0D9-2EF5-47C2-85B2-6986C326BAC5}.Debug|iPhone.Build.0 = Debug|iPhone
		{D794A0D9-2EF5-47C2-85B2-6986C326BAC5}.Debug|iPhone.Deploy.0 = Debug|iPhone
		{D794A0D9-2EF5-47C2-85B2-6986C326BAC5}.Debug|iPhoneSimulator.ActiveCfg = Debug|iPhoneSimulator
		{D794A0D9-2EF5-47C2-85B2-6986C326BAC5}.Debug|iPhoneSimulator.Build.0 = Debug|iPhoneSimulator
		{D794A0D9-2EF5-47C2-85B2-6986C326BAC5}.Debug|iPhoneSimulator.Deploy.0 = Debug|iPhoneSimulator
		{D794A0D9-2EF5-47C2-85B2-6986C326BAC5}.Release|Any CPU.ActiveCfg = Release|Any CPU
		{D794A0D9-2EF5-47C2-85B2-6986C326BAC5}.Release|Any CPU.Build.0 = Release|Any CPU
		{D794A0D9-2EF5-47C2-85B2-6986C326BAC5}.Release|Any CPU.Deploy.0 = Release|Any CPU
		{D794A0D9-2EF5-47C2-85B2-6986C326BAC5}.Release|iPhone.ActiveCfg = Release|iPhone
		{D794A0D9-2EF5-47C2-85B2-6986C326BAC5}.Release|iPhone.Build.0 = Release|iPhone
		{D794A0D9-2EF5-47C2-85B2-6986C326BAC5}.Release|iPhone.Deploy.0 = Release|iPhone
		{D794A0D9-2EF5-47C2-85B2-6986C326BAC5}.Release|iPhoneSimulator.ActiveCfg = Release|iPhoneSimulator
		{D794A0D9-2EF5-47C2-85B2-6986C326BAC5}.Release|iPhoneSimulator.Build.0 = Release|iPhoneSimulator
		{D794A0D9-2EF5-47C2-85B2-6986C326BAC5}.Release|iPhoneSimulator.Deploy.0 = Release|iPhoneSimulator
		{F5DAC079-E987-41DD-AE80-DAA7D0BBCE85}.Debug|Any CPU.ActiveCfg = Debug|Any CPU
		{F5DAC079-E987-41DD-AE80-DAA7D0BBCE85}.Debug|Any CPU.Build.0 = Debug|Any CPU
		{F5DAC079-E987-41DD-AE80-DAA7D0BBCE85}.Debug|Any CPU.Deploy.0 = Debug|Any CPU
		{F5DAC079-E987-41DD-AE80-DAA7D0BBCE85}.Debug|iPhone.ActiveCfg = Debug|Any CPU
		{F5DAC079-E987-41DD-AE80-DAA7D0BBCE85}.Debug|iPhone.Build.0 = Debug|Any CPU
		{F5DAC079-E987-41DD-AE80-DAA7D0BBCE85}.Debug|iPhone.Deploy.0 = Debug|Any CPU
		{F5DAC079-E987-41DD-AE80-DAA7D0BBCE85}.Debug|iPhoneSimulator.ActiveCfg = Debug|Any CPU
		{F5DAC079-E987-41DD-AE80-DAA7D0BBCE85}.Debug|iPhoneSimulator.Build.0 = Debug|Any CPU
		{F5DAC079-E987-41DD-AE80-DAA7D0BBCE85}.Debug|iPhoneSimulator.Deploy.0 = Debug|Any CPU
		{F5DAC079-E987-41DD-AE80-DAA7D0BBCE85}.Release|Any CPU.ActiveCfg = Release|Any CPU
		{F5DAC079-E987-41DD-AE80-DAA7D0BBCE85}.Release|Any CPU.Build.0 = Release|Any CPU
		{F5DAC079-E987-41DD-AE80-DAA7D0BBCE85}.Release|Any CPU.Deploy.0 = Release|Any CPU
		{F5DAC079-E987-41DD-AE80-DAA7D0BBCE85}.Release|iPhone.ActiveCfg = Release|Any CPU
		{F5DAC079-E987-41DD-AE80-DAA7D0BBCE85}.Release|iPhone.Build.0 = Release|Any CPU
		{F5DAC079-E987-41DD-AE80-DAA7D0BBCE85}.Release|iPhone.Deploy.0 = Release|Any CPU
		{F5DAC079-E987-41DD-AE80-DAA7D0BBCE85}.Release|iPhoneSimulator.ActiveCfg = Release|Any CPU
		{F5DAC079-E987-41DD-AE80-DAA7D0BBCE85}.Release|iPhoneSimulator.Build.0 = Release|Any CPU
		{F5DAC079-E987-41DD-AE80-DAA7D0BBCE85}.Release|iPhoneSimulator.Deploy.0 = Release|Any CPU
		{8992694B-5C63-4DD1-BE7E-27369BCAD847}.Debug|Any CPU.ActiveCfg = Debug|iPhoneSimulator
		{8992694B-5C63-4DD1-BE7E-27369BCAD847}.Debug|Any CPU.Build.0 = Debug|iPhoneSimulator
		{8992694B-5C63-4DD1-BE7E-27369BCAD847}.Debug|iPhone.ActiveCfg = Debug|iPhone
		{8992694B-5C63-4DD1-BE7E-27369BCAD847}.Debug|iPhone.Build.0 = Debug|iPhone
		{8992694B-5C63-4DD1-BE7E-27369BCAD847}.Debug|iPhoneSimulator.ActiveCfg = Debug|iPhoneSimulator
		{8992694B-5C63-4DD1-BE7E-27369BCAD847}.Debug|iPhoneSimulator.Build.0 = Debug|iPhoneSimulator
		{8992694B-5C63-4DD1-BE7E-27369BCAD847}.Release|Any CPU.ActiveCfg = Release|iPhoneSimulator
		{8992694B-5C63-4DD1-BE7E-27369BCAD847}.Release|Any CPU.Build.0 = Release|iPhoneSimulator
		{8992694B-5C63-4DD1-BE7E-27369BCAD847}.Release|iPhone.ActiveCfg = Release|iPhone
		{8992694B-5C63-4DD1-BE7E-27369BCAD847}.Release|iPhone.Build.0 = Release|iPhone
		{8992694B-5C63-4DD1-BE7E-27369BCAD847}.Release|iPhoneSimulator.ActiveCfg = Release|iPhoneSimulator
		{8992694B-5C63-4DD1-BE7E-27369BCAD847}.Release|iPhoneSimulator.Build.0 = Release|iPhoneSimulator
	EndGlobalSection
	GlobalSection(SolutionProperties) = preSolution
		HideSolutionNode = FALSE
	EndGlobalSection
	GlobalSection(ExtensibilityGlobals) = postSolution
		SolutionGuid = {AB7880B1-AC6A-4C27-9B97-FAD6A099E325}
	EndGlobalSection
EndGlobal
